
Microsoft Visual Studio Solution File, Format Version 12.00
# Visual Studio Version 16
VisualStudioVersion = 25.0.1700.0
MinimumVisualStudioVersion = 10.0.40219.1
Project("{FAE04EC0-301F-11D3-BF4B-00C04F79EFBC}") = "TestTimer.Android", "TestTimer\TestTimer.Android\TestTimer.Android.csproj", "{D7EB0B90-F182-4F48-8C52-2C0AB4EB018F}"
EndProject
Project("{FAE04EC0-301F-11D3-BF4B-00C04F79EFBC}") = "TestTimer.iOS", "TestTimer\TestTimer.iOS\TestTimer.iOS.csproj", "{078E6B69-00C4-4248-AB2D-BD438C178982}"
EndProject
Project("{FAE04EC0-301F-11D3-BF4B-00C04F79EFBC}") = "TestTimer", "TestTimer\TestTimer\TestTimer.csproj", "{4F2C9BBC-F3AB-4DC7-B0D9-DB05B9CCBD44}"
EndProject
Global
	GlobalSection(SolutionConfigurationPlatforms) = preSolution
		Debug|Any CPU = Debug|Any CPU
		Release|Any CPU = Release|Any CPU
		Debug|iPhoneSimulator = Debug|iPhoneSimulator
		Release|iPhoneSimulator = Release|iPhoneSimulator
		Debug|iPhone = Debug|iPhone
		Release|iPhone = Release|iPhone
	EndGlobalSection
	GlobalSection(ProjectConfigurationPlatforms) = postSolution
		{D7EB0B90-F182-4F48-8C52-2C0AB4EB018F}.Debug|Any CPU.ActiveCfg = Debug|Any CPU
		{D7EB0B90-F182-4F48-8C52-2C0AB4EB018F}.Debug|Any CPU.Build.0 = Debug|Any CPU
		{D7EB0B90-F182-4F48-8C52-2C0AB4EB018F}.Release|Any CPU.ActiveCfg = Release|Any CPU
		{D7EB0B90-F182-4F48-8C52-2C0AB4EB018F}.Release|Any CPU.Build.0 = Release|Any CPU
		{D7EB0B90-F182-4F48-8C52-2C0AB4EB018F}.Debug|iPhoneSimulator.ActiveCfg = Debug|Any CPU
		{D7EB0B90-F182-4F48-8C52-2C0AB4EB018F}.Debug|iPhoneSimulator.Build.0 = Debug|Any CPU
		{D7EB0B90-F182-4F48-8C52-2C0AB4EB018F}.Release|iPhoneSimulator.ActiveCfg = Release|Any CPU
		{D7EB0B90-F182-4F48-8C52-2C0AB4EB018F}.Release|iPhoneSimulator.Build.0 = Release|Any CPU
		{D7EB0B90-F182-4F48-8C52-2C0AB4EB018F}.Debug|iPhone.ActiveCfg = Debug|Any CPU
		{D7EB0B90-F182-4F48-8C52-2C0AB4EB018F}.Debug|iPhone.Build.0 = Debug|Any CPU
		{D7EB0B90-F182-4F48-8C52-2C0AB4EB018F}.Release|iPhone.ActiveCfg = Release|Any CPU
		{D7EB0B90-F182-4F48-8C52-2C0AB4EB018F}.Release|iPhone.Build.0 = Release|Any CPU
		{078E6B69-00C4-4248-AB2D-BD438C178982}.Debug|Any CPU.ActiveCfg = Debug|iPhoneSimulator
		{078E6B69-00C4-4248-AB2D-BD438C178982}.Debug|Any CPU.Build.0 = Debug|iPhoneSimulator
		{078E6B69-00C4-4248-AB2D-BD438C178982}.Release|Any CPU.ActiveCfg = Release|iPhoneSimulator
		{078E6B69-00C4-4248-AB2D-BD438C178982}.Release|Any CPU.Build.0 = Release|iPhoneSimulator
		{078E6B69-00C4-4248-AB2D-BD438C178982}.Debug|iPhoneSimulator.ActiveCfg = Debug|iPhoneSimulator
		{078E6B69-00C4-4248-AB2D-BD438C178982}.Debug|iPhoneSimulator.Build.0 = Debug|iPhoneSimulator
		{078E6B69-00C4-4248-AB2D-BD438C178982}.Release|iPhoneSimulator.ActiveCfg = Release|iPhoneSimulator
		{078E6B69-00C4-4248-AB2D-BD438C178982}.Release|iPhoneSimulator.Build.0 = Release|iPhoneSimulator
		{078E6B69-00C4-4248-AB2D-BD438C178982}.Debug|iPhone.ActiveCfg = Debug|iPhone
		{078E6B69-00C4-4248-AB2D-BD438C178982}.Debug|iPhone.Build.0 = Debug|iPhone
		{078E6B69-00C4-4248-AB2D-BD438C178982}.Release|iPhone.ActiveCfg = Release|iPhone
		{078E6B69-00C4-4248-AB2D-BD438C178982}.Release|iPhone.Build.0 = Release|iPhone
		{4F2C9BBC-F3AB-4DC7-B0D9-DB05B9CCBD44}.Debug|Any CPU.ActiveCfg = Debug|Any CPU
		{4F2C9BBC-F3AB-4DC7-B0D9-DB05B9CCBD44}.Debug|Any CPU.Build.0 = Debug|Any CPU
		{4F2C9BBC-F3AB-4DC7-B0D9-DB05B9CCBD44}.Release|Any CPU.ActiveCfg = Release|Any CPU
		{4F2C9BBC-F3AB-4DC7-B0D9-DB05B9CCBD44}.Release|Any CPU.Build.0 = Release|Any CPU
		{4F2C9BBC-F3AB-4DC7-B0D9-DB05B9CCBD44}.Debug|iPhoneSimulator.ActiveCfg = Debug|Any CPU
		{4F2C9BBC-F3AB-4DC7-B0D9-DB05B9CCBD44}.Debug|iPhoneSimulator.Build.0 = Debug|Any CPU
		{4F2C9BBC-F3AB-4DC7-B0D9-DB05B9CCBD44}.Release|iPhoneSimulator.ActiveCfg = Release|Any CPU
		{4F2C9BBC-F3AB-4DC7-B0D9-DB05B9CCBD44}.Release|iPhoneSimulator.Build.0 = Release|Any CPU
		{4F2C9BBC-F3AB-4DC7-B0D9-DB05B9CCBD44}.Debug|iPhone.ActiveCfg = Debug|Any CPU
		{4F2C9BBC-F3AB-4DC7-B0D9-DB05B9CCBD44}.Debug|iPhone.Build.0 = Debug|Any CPU
		{4F2C9BBC-F3AB-4DC7-B0D9-DB05B9CCBD44}.Release|iPhone.ActiveCfg = Release|Any CPU
		{4F2C9BBC-F3AB-4DC7-B0D9-DB05B9CCBD44}.Release|iPhone.Build.0 = Release|Any CPU
	EndGlobalSection
	GlobalSection(SolutionProperties) = preSolution
		HideSolutionNode = FALSE
	EndGlobalSection
	GlobalSection(ExtensibilityGlobals) = postSolution
		SolutionGuid = {0804CE06-63A3-4304-9D23-03E172A7597B}
	EndGlobalSection
EndGlobal
